
Microsoft Visual Studio Solution File, Format Version 12.00
# Visual Studio Version 17
VisualStudioVersion = 17.7.34031.279
MinimumVisualStudioVersion = 10.0.40219.1
Project("{FAE04EC0-301F-11D3-BF4B-00C04F79EFBC}") = "1simple calculator", "1simple calculator\1simple calculator.csproj", "{6BDADC69-9D34-43C7-BBBC-F4EAE7F0BF28}"
EndProject
Global
	GlobalSection(SolutionConfigurationPlatforms) = preSolution
		Debug|Any CPU = Debug|Any CPU
		Release|Any CPU = Release|Any CPU
	EndGlobalSection
	GlobalSection(ProjectConfigurationPlatforms) = postSolution
		{6BDADC69-9D34-43C7-BBBC-F4EAE7F0BF28}.Debug|Any CPU.ActiveCfg = Debug|Any CPU
		{6BDADC69-9D34-43C7-BBBC-F4EAE7F0BF28}.Debug|Any CPU.Build.0 = Debug|Any CPU
		{6BDADC69-9D34-43C7-BBBC-F4EAE7F0BF28}.Release|Any CPU.ActiveCfg = Release|Any CPU
		{6BDADC69-9D34-43C7-BBBC-F4EAE7F0BF28}.Release|Any CPU.Build.0 = Release|Any CPU
	EndGlobalSection
	GlobalSection(SolutionProperties) = preSolution
		HideSolutionNode = FALSE
	EndGlobalSection
	GlobalSection(ExtensibilityGlobals) = postSolution
		SolutionGuid = {8F830F4C-20D0-4844-8A92-D1AB60060B35}
	EndGlobalSection
EndGlobal
